// !$*UTF8*$!
{
	archiveVersion = 1;
	classes = {
	};
	objectVersion = 51;
	objects = {

/* Begin PBXBuildFile section */
		A0236DED2426F70500697D3E /* APIKeys.swift in Sources */ = {isa = PBXBuildFile; fileRef = A0236DEC2426F70500697D3E /* APIKeys.swift */; };
		A0236DEF2427048100697D3E /* LocationDetailViewController.swift in Sources */ = {isa = PBXBuildFile; fileRef = A0236DEE2427048100697D3E /* LocationDetailViewController.swift */; };
		A0236DF124270E5900697D3E /* PageViewController.swift in Sources */ = {isa = PBXBuildFile; fileRef = A0236DF024270E5900697D3E /* PageViewController.swift */; };
		A09057B5243274EE00B9849B /* DailyTableViewCell.swift in Sources */ = {isa = PBXBuildFile; fileRef = A09057B4243274EE00B9849B /* DailyTableViewCell.swift */; };
		A09057B72432853D00B9849B /* HourlyCollectionViewCell.swift in Sources */ = {isa = PBXBuildFile; fileRef = A09057B62432853D00B9849B /* HourlyCollectionViewCell.swift */; };
		A0CAB4872426E98A0091C1B2 /* AppDelegate.swift in Sources */ = {isa = PBXBuildFile; fileRef = A0CAB4862426E98A0091C1B2 /* AppDelegate.swift */; };
		A0CAB4892426E98A0091C1B2 /* SceneDelegate.swift in Sources */ = {isa = PBXBuildFile; fileRef = A0CAB4882426E98A0091C1B2 /* SceneDelegate.swift */; };
		A0CAB48B2426E98A0091C1B2 /* LocationListViewController.swift in Sources */ = {isa = PBXBuildFile; fileRef = A0CAB48A2426E98A0091C1B2 /* LocationListViewController.swift */; };
		A0CAB48E2426E98A0091C1B2 /* Main.storyboard in Resources */ = {isa = PBXBuildFile; fileRef = A0CAB48C2426E98A0091C1B2 /* Main.storyboard */; };
		A0CAB4902426E98D0091C1B2 /* Assets.xcassets in Resources */ = {isa = PBXBuildFile; fileRef = A0CAB48F2426E98D0091C1B2 /* Assets.xcassets */; };
		A0CAB4932426E98D0091C1B2 /* LaunchScreen.storyboard in Resources */ = {isa = PBXBuildFile; fileRef = A0CAB4912426E98D0091C1B2 /* LaunchScreen.storyboard */; };
		A0CAB49B2426ED1B0091C1B2 /* WeatherLocation.swift in Sources */ = {isa = PBXBuildFile; fileRef = A0CAB49A2426ED1B0091C1B2 /* WeatherLocation.swift */; };
		A0FD059424293216003B67AB /* WeatherDetail.swift in Sources */ = {isa = PBXBuildFile; fileRef = A0FD059324293216003B67AB /* WeatherDetail.swift */; };
		F52C8DCC644AB05C8F3E2F42 /* libPods-Weather_Gift.a in Frameworks */ = {isa = PBXBuildFile; fileRef = 7C8FB48ADCCD3EA8F5976EE2 /* libPods-Weather_Gift.a */; };
/* End PBXBuildFile section */

/* Begin PBXFileReference section */
		2BC56A5615BF3D3040FC47F5 /* Pods-Weather_Gift.release.xcconfig */ = {isa = PBXFileReference; includeInIndex = 1; lastKnownFileType = text.xcconfig; name = "Pods-Weather_Gift.release.xcconfig"; path = "Target Support Files/Pods-Weather_Gift/Pods-Weather_Gift.release.xcconfig"; sourceTree = "<group>"; };
		7C8FB48ADCCD3EA8F5976EE2 /* libPods-Weather_Gift.a */ = {isa = PBXFileReference; explicitFileType = archive.ar; includeInIndex = 0; path = "libPods-Weather_Gift.a"; sourceTree = BUILT_PRODUCTS_DIR; };
		98765849465A257A12D8908C /* Pods-Weather_Gift.debug.xcconfig */ = {isa = PBXFileReference; includeInIndex = 1; lastKnownFileType = text.xcconfig; name = "Pods-Weather_Gift.debug.xcconfig"; path = "Target Support Files/Pods-Weather_Gift/Pods-Weather_Gift.debug.xcconfig"; sourceTree = "<group>"; };
		A0236DEC2426F70500697D3E /* APIKeys.swift */ = {isa = PBXFileReference; lastKnownFileType = sourcecode.swift; path = APIKeys.swift; sourceTree = "<group>"; };
		A0236DEE2427048100697D3E /* LocationDetailViewController.swift */ = {isa = PBXFileReference; lastKnownFileType = sourcecode.swift; path = LocationDetailViewController.swift; sourceTree = "<group>"; };
		A0236DF024270E5900697D3E /* PageViewController.swift */ = {isa = PBXFileReference; lastKnownFileType = sourcecode.swift; path = PageViewController.swift; sourceTree = "<group>"; };
		A09057B4243274EE00B9849B /* DailyTableViewCell.swift */ = {isa = PBXFileReference; lastKnownFileType = sourcecode.swift; path = DailyTableViewCell.swift; sourceTree = "<group>"; };
		A09057B62432853D00B9849B /* HourlyCollectionViewCell.swift */ = {isa = PBXFileReference; lastKnownFileType = sourcecode.swift; path = HourlyCollectionViewCell.swift; sourceTree = "<group>"; };
		A0CAB4832426E98A0091C1B2 /* Weather_Gift.app */ = {isa = PBXFileReference; explicitFileType = wrapper.application; includeInIndex = 0; path = Weather_Gift.app; sourceTree = BUILT_PRODUCTS_DIR; };
		A0CAB4862426E98A0091C1B2 /* AppDelegate.swift */ = {isa = PBXFileReference; lastKnownFileType = sourcecode.swift; path = AppDelegate.swift; sourceTree = "<group>"; };
		A0CAB4882426E98A0091C1B2 /* SceneDelegate.swift */ = {isa = PBXFileReference; lastKnownFileType = sourcecode.swift; path = SceneDelegate.swift; sourceTree = "<group>"; };
		A0CAB48A2426E98A0091C1B2 /* LocationListViewController.swift */ = {isa = PBXFileReference; lastKnownFileType = sourcecode.swift; path = LocationListViewController.swift; sourceTree = "<group>"; };
		A0CAB48D2426E98A0091C1B2 /* Base */ = {isa = PBXFileReference; lastKnownFileType = file.storyboard; name = Base; path = Base.lproj/Main.storyboard; sourceTree = "<group>"; };
		A0CAB48F2426E98D0091C1B2 /* Assets.xcassets */ = {isa = PBXFileReference; lastKnownFileType = folder.assetcatalog; path = Assets.xcassets; sourceTree = "<group>"; };
		A0CAB4922426E98D0091C1B2 /* Base */ = {isa = PBXFileReference; lastKnownFileType = file.storyboard; name = Base; path = Base.lproj/LaunchScreen.storyboard; sourceTree = "<group>"; };
		A0CAB4942426E98D0091C1B2 /* Info.plist */ = {isa = PBXFileReference; lastKnownFileType = text.plist.xml; path = Info.plist; sourceTree = "<group>"; };
		A0CAB49A2426ED1B0091C1B2 /* WeatherLocation.swift */ = {isa = PBXFileReference; lastKnownFileType = sourcecode.swift; path = WeatherLocation.swift; sourceTree = "<group>"; };
		A0FD059324293216003B67AB /* WeatherDetail.swift */ = {isa = PBXFileReference; lastKnownFileType = sourcecode.swift; path = WeatherDetail.swift; sourceTree = "<group>"; };
/* End PBXFileReference section */

/* Begin PBXFrameworksBuildPhase section */
		A0CAB4802426E98A0091C1B2 /* Frameworks */ = {
			isa = PBXFrameworksBuildPhase;
			buildActionMask = 2147483647;
			files = (
				F52C8DCC644AB05C8F3E2F42 /* libPods-Weather_Gift.a in Frameworks */,
			);
			runOnlyForDeploymentPostprocessing = 0;
		};
/* End PBXFrameworksBuildPhase section */

/* Begin PBXGroup section */
		074D75748A8B3685F10A61FD /* Pods */ = {
			isa = PBXGroup;
			children = (
				98765849465A257A12D8908C /* Pods-Weather_Gift.debug.xcconfig */,
				2BC56A5615BF3D3040FC47F5 /* Pods-Weather_Gift.release.xcconfig */,
			);
			path = Pods;
			sourceTree = "<group>";
		};
		6580AE6CC3070031A83EDC74 /* Frameworks */ = {
			isa = PBXGroup;
			children = (
				7C8FB48ADCCD3EA8F5976EE2 /* libPods-Weather_Gift.a */,
			);
			name = Frameworks;
			sourceTree = "<group>";
		};
		A0CAB47A2426E98A0091C1B2 = {
			isa = PBXGroup;
			children = (
				A0CAB4852426E98A0091C1B2 /* Weather_Gift */,
				A0CAB4842426E98A0091C1B2 /* Products */,
				074D75748A8B3685F10A61FD /* Pods */,
				6580AE6CC3070031A83EDC74 /* Frameworks */,
			);
			sourceTree = "<group>";
		};
		A0CAB4842426E98A0091C1B2 /* Products */ = {
			isa = PBXGroup;
			children = (
				A0CAB4832426E98A0091C1B2 /* Weather_Gift.app */,
			);
			name = Products;
			sourceTree = "<group>";
		};
		A0CAB4852426E98A0091C1B2 /* Weather_Gift */ = {
			isa = PBXGroup;
			children = (
				A0CAB4862426E98A0091C1B2 /* AppDelegate.swift */,
				A0CAB4882426E98A0091C1B2 /* SceneDelegate.swift */,
				A0CAB49A2426ED1B0091C1B2 /* WeatherLocation.swift */,
				A0FD059324293216003B67AB /* WeatherDetail.swift */,
				A0236DF024270E5900697D3E /* PageViewController.swift */,
				A0236DEE2427048100697D3E /* LocationDetailViewController.swift */,
				A0CAB48A2426E98A0091C1B2 /* LocationListViewController.swift */,
				A09057B4243274EE00B9849B /* DailyTableViewCell.swift */,
				A09057B62432853D00B9849B /* HourlyCollectionViewCell.swift */,
				A0CAB48C2426E98A0091C1B2 /* Main.storyboard */,
				A0CAB48F2426E98D0091C1B2 /* Assets.xcassets */,
				A0CAB4912426E98D0091C1B2 /* LaunchScreen.storyboard */,
				A0CAB4942426E98D0091C1B2 /* Info.plist */,
				A0236DEC2426F70500697D3E /* APIKeys.swift */,
			);
			path = Weather_Gift;
			sourceTree = "<group>";
		};
/* End PBXGroup section */

/* Begin PBXNativeTarget section */
		A0CAB4822426E98A0091C1B2 /* Weather_Gift */ = {
			isa = PBXNativeTarget;
			buildConfigurationList = A0CAB4972426E98D0091C1B2 /* Build configuration list for PBXNativeTarget "Weather_Gift" */;
			buildPhases = (
				82C91BE8B9AB4C3385442E31 /* [CP] Check Pods Manifest.lock */,
				A0CAB47F2426E98A0091C1B2 /* Sources */,
				A0CAB4802426E98A0091C1B2 /* Frameworks */,
				A0CAB4812426E98A0091C1B2 /* Resources */,
				CDC657664D687D8754205817 /* [CP] Copy Pods Resources */,
			);
			buildRules = (
			);
			dependencies = (
			);
			name = Weather_Gift;
			productName = Weather_Gift;
			productReference = A0CAB4832426E98A0091C1B2 /* Weather_Gift.app */;
			productType = "com.apple.product-type.application";
		};
/* End PBXNativeTarget section */

/* Begin PBXProject section */
		A0CAB47B2426E98A0091C1B2 /* Project object */ = {
			isa = PBXProject;
			attributes = {
				LastSwiftUpdateCheck = 1130;
				LastUpgradeCheck = 1130;
				ORGANIZATIONNAME = "Jia H Li";
				TargetAttributes = {
					A0CAB4822426E98A0091C1B2 = {
						CreatedOnToolsVersion = 11.3;
					};
				};
			};
			buildConfigurationList = A0CAB47E2426E98A0091C1B2 /* Build configuration list for PBXProject "Weather_Gift" */;
			compatibilityVersion = "Xcode 9.3";
			developmentRegion = en;
			hasScannedForEncodings = 0;
			knownRegions = (
				en,
				Base,
			);
			mainGroup = A0CAB47A2426E98A0091C1B2;
			productRefGroup = A0CAB4842426E98A0091C1B2 /* Products */;
			projectDirPath = "";
			projectRoot = "";
			targets = (
				A0CAB4822426E98A0091C1B2 /* Weather_Gift */,
			);
		};
/* End PBXProject section */

/* Begin PBXResourcesBuildPhase section */
		A0CAB4812426E98A0091C1B2 /* Resources */ = {
			isa = PBXResourcesBuildPhase;
			buildActionMask = 2147483647;
			files = (
				A0CAB4932426E98D0091C1B2 /* LaunchScreen.storyboard in Resources */,
				A0CAB4902426E98D0091C1B2 /* Assets.xcassets in Resources */,
				A0CAB48E2426E98A0091C1B2 /* Main.storyboard in Resources */,
			);
			runOnlyForDeploymentPostprocessing = 0;
		};
/* End PBXResourcesBuildPhase section */

/* Begin PBXShellScriptBuildPhase section */
		82C91BE8B9AB4C3385442E31 /* [CP] Check Pods Manifest.lock */ = {
			isa = PBXShellScriptBuildPhase;
			buildActionMask = 2147483647;
			files = (
			);
			inputFileListPaths = (
			);
			inputPaths = (
				"${PODS_PODFILE_DIR_PATH}/Podfile.lock",
				"${PODS_ROOT}/Manifest.lock",
			);
			name = "[CP] Check Pods Manifest.lock";
			outputFileListPaths = (
			);
			outputPaths = (
				"$(DERIVED_FILE_DIR)/Pods-Weather_Gift-checkManifestLockResult.txt",
			);
			runOnlyForDeploymentPostprocessing = 0;
			shellPath = /bin/sh;
			shellScript = "diff \"${PODS_PODFILE_DIR_PATH}/Podfile.lock\" \"${PODS_ROOT}/Manifest.lock\" > /dev/null\nif [ $? != 0 ] ; then\n    # print error to STDERR\n    echo \"error: The sandbox is not in sync with the Podfile.lock. Run 'pod install' or update your CocoaPods installation.\" >&2\n    exit 1\nfi\n# This output is used by Xcode 'outputs' to avoid re-running this script phase.\necho \"SUCCESS\" > \"${SCRIPT_OUTPUT_FILE_0}\"\n";
			showEnvVarsInLog = 0;
		};
		CDC657664D687D8754205817 /* [CP] Copy Pods Resources */ = {
			isa = PBXShellScriptBuildPhase;
			buildActionMask = 2147483647;
			files = (
			);
			inputFileListPaths = (
				"${PODS_ROOT}/Target Support Files/Pods-Weather_Gift/Pods-Weather_Gift-resources-${CONFIGURATION}-input-files.xcfilelist",
			);
			name = "[CP] Copy Pods Resources";
			outputFileListPaths = (
				"${PODS_ROOT}/Target Support Files/Pods-Weather_Gift/Pods-Weather_Gift-resources-${CONFIGURATION}-output-files.xcfilelist",
			);
			runOnlyForDeploymentPostprocessing = 0;
			shellPath = /bin/sh;
			shellScript = "\"${PODS_ROOT}/Target Support Files/Pods-Weather_Gift/Pods-Weather_Gift-resources.sh\"\n";
			showEnvVarsInLog = 0;
		};
/* End PBXShellScriptBuildPhase section */

/* Begin PBXSourcesBuildPhase section */
		A0CAB47F2426E98A0091C1B2 /* Sources */ = {
			isa = PBXSourcesBuildPhase;
			buildActionMask = 2147483647;
			files = (
				A09057B5243274EE00B9849B /* DailyTableViewCell.swift in Sources */,
				A0CAB48B2426E98A0091C1B2 /* LocationListViewController.swift in Sources */,
				A0FD059424293216003B67AB /* WeatherDetail.swift in Sources */,
				A0236DF124270E5900697D3E /* PageViewController.swift in Sources */,
				A0236DED2426F70500697D3E /* APIKeys.swift in Sources */,
				A0CAB49B2426ED1B0091C1B2 /* WeatherLocation.swift in Sources */,
				A0CAB4872426E98A0091C1B2 /* AppDelegate.swift in Sources */,
				A0236DEF2427048100697D3E /* LocationDetailViewController.swift in Sources */,
				A0CAB4892426E98A0091C1B2 /* SceneDelegate.swift in Sources */,
				A09057B72432853D00B9849B /* HourlyCollectionViewCell.swift in Sources */,
			);
			runOnlyForDeploymentPostprocessing = 0;
		};
/* End PBXSourcesBuildPhase section */

/* Begin PBXVariantGroup section */
		A0CAB48C2426E98A0091C1B2 /* Main.storyboard */ = {
			isa = PBXVariantGroup;
			children = (
				A0CAB48D2426E98A0091C1B2 /* Base */,
			);
			name = Main.storyboard;
			sourceTree = "<group>";
		};
		A0CAB4912426E98D0091C1B2 /* LaunchScreen.storyboard */ = {
			isa = PBXVariantGroup;
			children = (
				A0CAB4922426E98D0091C1B2 /* Base */,
			);
			name = LaunchScreen.storyboard;
			sourceTree = "<group>";
		};
/* End PBXVariantGroup section */

/* Begin XCBuildConfiguration section */
		A0CAB4952426E98D0091C1B2 /* Debug */ = {
			isa = XCBuildConfiguration;
			buildSettings = {
				ALWAYS_SEARCH_USER_PATHS = NO;
				CLANG_ANALYZER_NONNULL = YES;
				CLANG_ANALYZER_NUMBER_OBJECT_CONVERSION = YES_AGGRESSIVE;
				CLANG_CXX_LANGUAGE_STANDARD = "gnu++14";
				CLANG_CXX_LIBRARY = "libc++";
				CLANG_ENABLE_MODULES = YES;
				CLANG_ENABLE_OBJC_ARC = YES;
				CLANG_ENABLE_OBJC_WEAK = YES;
				CLANG_WARN_BLOCK_CAPTURE_AUTORELEASING = YES;
				CLANG_WARN_BOOL_CONVERSION = YES;
				CLANG_WARN_COMMA = YES;
				CLANG_WARN_CONSTANT_CONVERSION = YES;
				CLANG_WARN_DEPRECATED_OBJC_IMPLEMENTATIONS = YES;
				CLANG_WARN_DIRECT_OBJC_ISA_USAGE = YES_ERROR;
				CLANG_WARN_DOCUMENTATION_COMMENTS = YES;
				CLANG_WARN_EMPTY_BODY = YES;
				CLANG_WARN_ENUM_CONVERSION = YES;
				CLANG_WARN_INFINITE_RECURSION = YES;
				CLANG_WARN_INT_CONVERSION = YES;
				CLANG_WARN_NON_LITERAL_NULL_CONVERSION = YES;
				CLANG_WARN_OBJC_IMPLICIT_RETAIN_SELF = YES;
				CLANG_WARN_OBJC_LITERAL_CONVERSION = YES;
				CLANG_WARN_OBJC_ROOT_CLASS = YES_ERROR;
				CLANG_WARN_RANGE_LOOP_ANALYSIS = YES;
				CLANG_WARN_STRICT_PROTOTYPES = YES;
				CLANG_WARN_SUSPICIOUS_MOVE = YES;
				CLANG_WARN_UNGUARDED_AVAILABILITY = YES_AGGRESSIVE;
				CLANG_WARN_UNREACHABLE_CODE = YES;
				CLANG_WARN__DUPLICATE_METHOD_MATCH = YES;
				COPY_PHASE_STRIP = NO;
				DEBUG_INFORMATION_FORMAT = dwarf;
				ENABLE_STRICT_OBJC_MSGSEND = YES;
				ENABLE_TESTABILITY = YES;
				GCC_C_LANGUAGE_STANDARD = gnu11;
				GCC_DYNAMIC_NO_PIC = NO;
				GCC_NO_COMMON_BLOCKS = YES;
				GCC_OPTIMIZATION_LEVEL = 0;
				GCC_PREPROCESSOR_DEFINITIONS = (
					"DEBUG=1",
					"$(inherited)",
				);
				GCC_WARN_64_TO_32_BIT_CONVERSION = YES;
				GCC_WARN_ABOUT_RETURN_TYPE = YES_ERROR;
				GCC_WARN_UNDECLARED_SELECTOR = YES;
				GCC_WARN_UNINITIALIZED_AUTOS = YES_AGGRESSIVE;
				GCC_WARN_UNUSED_FUNCTION = YES;
				GCC_WARN_UNUSED_VARIABLE = YES;
				IPHONEOS_DEPLOYMENT_TARGET = 13.2;
				MTL_ENABLE_DEBUG_INFO = INCLUDE_SOURCE;
				MTL_FAST_MATH = YES;
				ONLY_ACTIVE_ARCH = YES;
				SDKROOT = iphoneos;
				SWIFT_ACTIVE_COMPILATION_CONDITIONS = DEBUG;
				SWIFT_OPTIMIZATION_LEVEL = "-Onone";
			};
			name = Debug;
		};
		A0CAB4962426E98D0091C1B2 /* Release */ = {
			isa = XCBuildConfiguration;
			buildSettings = {
				ALWAYS_SEARCH_USER_PATHS = NO;
				CLANG_ANALYZER_NONNULL = YES;
				CLANG_ANALYZER_NUMBER_OBJECT_CONVERSION = YES_AGGRESSIVE;
				CLANG_CXX_LANGUAGE_STANDARD = "gnu++14";
				CLANG_CXX_LIBRARY = "libc++";
				CLANG_ENABLE_MODULES = YES;
				CLANG_ENABLE_OBJC_ARC = YES;
				CLANG_ENABLE_OBJC_WEAK = YES;
				CLANG_WARN_BLOCK_CAPTURE_AUTORELEASING = YES;
				CLANG_WARN_BOOL_CONVERSION = YES;
				CLANG_WARN_COMMA = YES;
				CLANG_WARN_CONSTANT_CONVERSION = YES;
				CLANG_WARN_DEPRECATED_OBJC_IMPLEMENTATIONS = YES;
				CLANG_WARN_DIRECT_OBJC_ISA_USAGE = YES_ERROR;
				CLANG_WARN_DOCUMENTATION_COMMENTS = YES;
				CLANG_WARN_EMPTY_BODY = YES;
				CLANG_WARN_ENUM_CONVERSION = YES;
				CLANG_WARN_INFINITE_RECURSION = YES;
				CLANG_WARN_INT_CONVERSION = YES;
				CLANG_WARN_NON_LITERAL_NULL_CONVERSION = YES;
				CLANG_WARN_OBJC_IMPLICIT_RETAIN_SELF = YES;
				CLANG_WARN_OBJC_LITERAL_CONVERSION = YES;
				CLANG_WARN_OBJC_ROOT_CLASS = YES_ERROR;
				CLANG_WARN_RANGE_LOOP_ANALYSIS = YES;
				CLANG_WARN_STRICT_PROTOTYPES = YES;
				CLANG_WARN_SUSPICIOUS_MOVE = YES;
				CLANG_WARN_UNGUARDED_AVAILABILITY = YES_AGGRESSIVE;
				CLANG_WARN_UNREACHABLE_CODE = YES;
				CLANG_WARN__DUPLICATE_METHOD_MATCH = YES;
				COPY_PHASE_STRIP = NO;
				DEBUG_INFORMATION_FORMAT = "dwarf-with-dsym";
				ENABLE_NS_ASSERTIONS = NO;
				ENABLE_STRICT_OBJC_MSGSEND = YES;
				GCC_C_LANGUAGE_STANDARD = gnu11;
				GCC_NO_COMMON_BLOCKS = YES;
				GCC_WARN_64_TO_32_BIT_CONVERSION = YES;
				GCC_WARN_ABOUT_RETURN_TYPE = YES_ERROR;
				GCC_WARN_UNDECLARED_SELECTOR = YES;
				GCC_WARN_UNINITIALIZED_AUTOS = YES_AGGRESSIVE;
				GCC_WARN_UNUSED_FUNCTION = YES;
				GCC_WARN_UNUSED_VARIABLE = YES;
				IPHONEOS_DEPLOYMENT_TARGET = 13.2;
				MTL_ENABLE_DEBUG_INFO = NO;
				MTL_FAST_MATH = YES;
				SDKROOT = iphoneos;
				SWIFT_COMPILATION_MODE = wholemodule;
				SWIFT_OPTIMIZATION_LEVEL = "-O";
				VALIDATE_PRODUCT = YES;
			};
			name = Release;
		};
		A0CAB4982426E98D0091C1B2 /* Debug */ = {
			isa = XCBuildConfiguration;
			baseConfigurationReference = 98765849465A257A12D8908C /* Pods-Weather_Gift.debug.xcconfig */;
			buildSettings = {
				ASSETCATALOG_COMPILER_APPICON_NAME = AppIcon;
				CODE_SIGN_STYLE = Automatic;
				INFOPLIST_FILE = Weather_Gift/Info.plist;
				LD_RUNPATH_SEARCH_PATHS = (
					"$(inherited)",
					"@executable_path/Frameworks",
				);
				PRODUCT_BUNDLE_IDENTIFIER = "Jiahong-Li.Weather-Gift";
				PRODUCT_NAME = "$(TARGET_NAME)";
				SWIFT_VERSION = 5.0;
				TARGETED_DEVICE_FAMILY = "1,2";
			};
			name = Debug;
		};
		A0CAB4992426E98D0091C1B2 /* Release */ = {
			isa = XCBuildConfiguration;
			baseConfigurationReference = 2BC56A5615BF3D3040FC47F5 /* Pods-Weather_Gift.release.xcconfig */;
			buildSettings = {
				ASSETCATALOG_COMPILER_APPICON_NAME = AppIcon;
				CODE_SIGN_STYLE = Automatic;
				INFOPLIST_FILE = Weather_Gift/Info.plist;
				LD_RUNPATH_SEARCH_PATHS = (
					"$(inherited)",
					"@executable_path/Frameworks",
				);
				PRODUCT_BUNDLE_IDENTIFIER = "Jiahong-Li.Weather-Gift";
				PRODUCT_NAME = "$(TARGET_NAME)";
				SWIFT_VERSION = 5.0;
				TARGETED_DEVICE_FAMILY = "1,2";
			};
			name = Release;
		};
/* End XCBuildConfiguration section */

/* Begin XCConfigurationList section */
		A0CAB47E2426E98A0091C1B2 /* Build configuration list for PBXProject "Weather_Gift" */ = {
			isa = XCConfigurationList;
			buildConfigurations = (
				A0CAB4952426E98D0091C1B2 /* Debug */,
				A0CAB4962426E98D0091C1B2 /* Release */,
			);
			defaultConfigurationIsVisible = 0;
			defaultConfigurationName = Release;
		};
		A0CAB4972426E98D0091C1B2 /* Build configuration list for PBXNativeTarget "Weather_Gift" */ = {
			isa = XCConfigurationList;
			buildConfigurations = (
				A0CAB4982426E98D0091C1B2 /* Debug */,
				A0CAB4992426E98D0091C1B2 /* Release */,
			);
			defaultConfigurationIsVisible = 0;
			defaultConfigurationName = Release;
		};
/* End XCConfigurationList section */
	};
	rootObject = A0CAB47B2426E98A0091C1B2 /* Project object */;
}
